
Microsoft Visual Studio Solution File, Format Version 12.00
# Visual Studio Version 16
VisualStudioVersion = 16.0.32228.343
MinimumVisualStudioVersion = 10.0.40219.1
Project("{FAE04EC0-301F-11D3-BF4B-00C04F79EFBC}") = "Calculator (classic)", "Calculator (classic)\Calculator (classic).csproj", "{F6D9F301-4E4E-4FF3-87FD-D9D462632D85}"
EndProject
Global
	GlobalSection(SolutionConfigurationPlatforms) = preSolution
		Debug|Any CPU = Debug|Any CPU
		Release|Any CPU = Release|Any CPU
	EndGlobalSection
	GlobalSection(ProjectConfigurationPlatforms) = postSolution
		{F6D9F301-4E4E-4FF3-87FD-D9D462632D85}.Debug|Any CPU.ActiveCfg = Debug|Any CPU
		{F6D9F301-4E4E-4FF3-87FD-D9D462632D85}.Debug|Any CPU.Build.0 = Debug|Any CPU
		{F6D9F301-4E4E-4FF3-87FD-D9D462632D85}.Release|Any CPU.ActiveCfg = Release|Any CPU
		{F6D9F301-4E4E-4FF3-87FD-D9D462632D85}.Release|Any CPU.Build.0 = Release|Any CPU
	EndGlobalSection
	GlobalSection(SolutionProperties) = preSolution
		HideSolutionNode = FALSE
	EndGlobalSection
	GlobalSection(ExtensibilityGlobals) = postSolution
		SolutionGuid = {CD521360-C1D2-49CE-A6F1-11A2A210A9DD}
	EndGlobalSection
EndGlobal
